
Microsoft Visual Studio Solution File, Format Version 12.00
# Visual Studio Version 16
VisualStudioVersion = 25.0.1706.8
MinimumVisualStudioVersion = 10.0.40219.1
Project("{FAE04EC0-301F-11D3-BF4B-00C04F79EFBC}") = "MAUI.OpenTok.Android", "MAUI.OpenTok.Android.csproj", "{80B650DF-6A7A-4E60-8806-6DB261472736}"
EndProject
Global
	GlobalSection(SolutionConfigurationPlatforms) = preSolution
		Debug|Any CPU = Debug|Any CPU
		Release|Any CPU = Release|Any CPU
	EndGlobalSection
	GlobalSection(ProjectConfigurationPlatforms) = postSolution
		{80B650DF-6A7A-4E60-8806-6DB261472736}.Debug|Any CPU.ActiveCfg = Debug|Any CPU
		{80B650DF-6A7A-4E60-8806-6DB261472736}.Debug|Any CPU.Build.0 = Debug|Any CPU
		{80B650DF-6A7A-4E60-8806-6DB261472736}.Release|Any CPU.ActiveCfg = Release|Any CPU
		{80B650DF-6A7A-4E60-8806-6DB261472736}.Release|Any CPU.Build.0 = Release|Any CPU
	EndGlobalSection
	GlobalSection(SolutionProperties) = preSolution
		HideSolutionNode = FALSE
	EndGlobalSection
	GlobalSection(ExtensibilityGlobals) = postSolution
		SolutionGuid = {42D4A917-E664-47D0-9575-756F646EB7E1}
	EndGlobalSection
EndGlobal
